{
  "name": "autoClone",
  "lockfileVersion": 3,
  "requires": true,
  "packages": {
    "": {
      "dependencies": {
        "colorama": "^0.0.0"
      }
    },
    "node_modules/colorama": {
      "version": "0.0.0",
      "resolved": "https://registry.npmjs.org/colorama/-/colorama-0.0.0.tgz",
      "integrity": "sha512-w3/qUDXGmxj7knYBkiD9nSkSpu5wjE6beIzMLwzhw+xooBIZ0AXrAs/W8BQRnMlVoLA8SwCQLo334QX3/QOjpA=="
    }
  }
}
